
Microsoft Visual Studio Solution File, Format Version 12.00
# Visual Studio Version 17
VisualStudioVersion = 17.11.35327.3
MinimumVisualStudioVersion = 10.0.40219.1
Project("{FAE04EC0-301F-11D3-BF4B-00C04F79EFBC}") = "ST10028058_PROG6212_POE_Part2", "ST10028058_PROG6212_POE_Part2.csproj", "{5DE0BD0D-999E-4CAC-9E60-051EA9C96766}"
EndProject
Global
	GlobalSection(SolutionConfigurationPlatforms) = preSolution
		Debug|Any CPU = Debug|Any CPU
		Release|Any CPU = Release|Any CPU
	EndGlobalSection
	GlobalSection(ProjectConfigurationPlatforms) = postSolution
		{5DE0BD0D-999E-4CAC-9E60-051EA9C96766}.Debug|Any CPU.ActiveCfg = Debug|Any CPU
		{5DE0BD0D-999E-4CAC-9E60-051EA9C96766}.Debug|Any CPU.Build.0 = Debug|Any CPU
		{5DE0BD0D-999E-4CAC-9E60-051EA9C96766}.Release|Any CPU.ActiveCfg = Release|Any CPU
		{5DE0BD0D-999E-4CAC-9E60-051EA9C96766}.Release|Any CPU.Build.0 = Release|Any CPU
	EndGlobalSection
	GlobalSection(SolutionProperties) = preSolution
		HideSolutionNode = FALSE
	EndGlobalSection
	GlobalSection(ExtensibilityGlobals) = postSolution
		SolutionGuid = {A313CDE5-39CB-42EE-ACF5-3B5DCBFCFBFF}
	EndGlobalSection
EndGlobal
